
Microsoft Visual Studio Solution File, Format Version 12.00
# Visual Studio Version 17
VisualStudioVersion = 17.14.36127.28
MinimumVisualStudioVersion = 10.0.40219.1
Project("{FAE04EC0-301F-11D3-BF4B-00C04F79EFBC}") = "LTIA_testweb", "Testweb1\LTIA_testweb.csproj", "{921A9EF2-6DB2-4791-9278-9A109109357D}"
EndProject
Global
	GlobalSection(SolutionConfigurationPlatforms) = preSolution
		Debug|Any CPU = Debug|Any CPU
		Release|Any CPU = Release|Any CPU
	EndGlobalSection
	GlobalSection(ProjectConfigurationPlatforms) = postSolution
		{921A9EF2-6DB2-4791-9278-9A109109357D}.Debug|Any CPU.ActiveCfg = Debug|Any CPU
		{921A9EF2-6DB2-4791-9278-9A109109357D}.Debug|Any CPU.Build.0 = Debug|Any CPU
		{921A9EF2-6DB2-4791-9278-9A109109357D}.Release|Any CPU.ActiveCfg = Release|Any CPU
		{921A9EF2-6DB2-4791-9278-9A109109357D}.Release|Any CPU.Build.0 = Release|Any CPU
	EndGlobalSection
	GlobalSection(SolutionProperties) = preSolution
		HideSolutionNode = FALSE
	EndGlobalSection
	GlobalSection(ExtensibilityGlobals) = postSolution
		SolutionGuid = {DB4025CA-4ECF-4151-A6BB-B542A474D2B4}
	EndGlobalSection
EndGlobal
